<?xml version="1.0" encoding="utf-8"?>
<Project ToolsVersion="14.0" xmlns="http://schemas.microsoft.com/developer/msbuild/2003">
  <ItemGroup>
    <Filter Include="source">
      <UniqueIdentifier>{0f21f372-e1e5-48d9-8c24-94a188bbeb09}</UniqueIdentifier>
    </Filter>
    <Filter Include="include">
      <UniqueIdentifier>{145d84f9-ca9e-4458-9ebf-7ee1459878a5}</UniqueIdentifier>
    </Filter>
    <Filter Include="include\json">
      <UniqueIdentifier>{24654730-eb72-4e47-827a-001b1d70dc28}</UniqueIdentifier>
    </Filter>
  </ItemGroup>
  <ItemGroup>
    <ClCompile Include="..\..\source\json_reader.cpp">
      <Filter>source</Filter>
    </ClCompile>
    <ClCompile Include="..\..\source\json_value.cpp">
      <Filter>source</Filter>
    </ClCompile>
    <ClCompile Include="..\..\source\json_writer.cpp">
      <Filter>source</Filter>
    </ClCompile>
    <ClCompile Include="..\..\source\stdafx.cpp">
      <Filter>source</Filter>
    </ClCompile>
  </ItemGroup>
  <ItemGroup>
    <ClInclude Include="..\..\source\json_batchallocator.h">
      <Filter>source</Filter>
    </ClInclude>
    <ClInclude Include="..\..\source\json_tool.h">
      <Filter>source</Filter>
    </ClInclude>
    <ClInclude Include="..\..\source\stdafx.h">
      <Filter>source</Filter>
    </ClInclude>
    <ClInclude Include="..\..\include\json\autolink.h">
      <Filter>include\json</Filter>
    </ClInclude>
    <ClInclude Include="..\..\include\json\config.h">
      <Filter>include\json</Filter>
    </ClInclude>
    <ClInclude Include="..\..\include\json\features.h">
      <Filter>include\json</Filter>
    </ClInclude>
    <ClInclude Include="..\..\include\json\forwards.h">
      <Filter>include\json</Filter>
    </ClInclude>
    <ClInclude Include="..\..\include\json\json.h">
      <Filter>include\json</Filter>
    </ClInclude>
    <ClInclude Include="..\..\include\json\reader.h">
      <Filter>include\json</Filter>
    </ClInclude>
    <ClInclude Include="..\..\include\json\value.h">
      <Filter>include\json</Filter>
    </ClInclude>
    <ClInclude Include="..\..\include\json\writer.h">
      <Filter>include\json</Filter>
    </ClInclude>
  </ItemGroup>
</Project>